
Microsoft Visual Studio Solution File, Format Version 12.00
# Visual Studio Version 16
VisualStudioVersion = 16.0.28729.10
MinimumVisualStudioVersion = 10.0.40219.1
Project("{FAE04EC0-301F-11D3-BF4B-00C04F79EFBC}") = "injector", "injector\injector.csproj", "{98156D58-EC23-47F8-8677-0F64C9C311B5}"
EndProject
Project("{8BC9CEB8-8B4A-11D0-8D11-00A0C91BC942}") = "Injectordll", "Injectordll\Injectordll.vcxproj", "{DE793658-C1FC-4CF4-93B2-7CF8311DFEC2}"
EndProject
Global
	GlobalSection(SolutionConfigurationPlatforms) = preSolution
		Debug|Any CPU = Debug|Any CPU
		Debug|x64 = Debug|x64
		Debug|x86 = Debug|x86
		Release|Any CPU = Release|Any CPU
		Release|x64 = Release|x64
		Release|x86 = Release|x86
	EndGlobalSection
	GlobalSection(ProjectConfigurationPlatforms) = postSolution
		{98156D58-EC23-47F8-8677-0F64C9C311B5}.Debug|Any CPU.ActiveCfg = Debug|Any CPU
		{98156D58-EC23-47F8-8677-0F64C9C311B5}.Debug|Any CPU.Build.0 = Debug|Any CPU
		{98156D58-EC23-47F8-8677-0F64C9C311B5}.Debug|x64.ActiveCfg = Debug|Any CPU
		{98156D58-EC23-47F8-8677-0F64C9C311B5}.Debug|x64.Build.0 = Debug|Any CPU
		{98156D58-EC23-47F8-8677-0F64C9C311B5}.Debug|x86.ActiveCfg = Debug|Any CPU
		{98156D58-EC23-47F8-8677-0F64C9C311B5}.Debug|x86.Build.0 = Debug|Any CPU
		{98156D58-EC23-47F8-8677-0F64C9C311B5}.Release|Any CPU.ActiveCfg = Release|Any CPU
		{98156D58-EC23-47F8-8677-0F64C9C311B5}.Release|Any CPU.Build.0 = Release|Any CPU
		{98156D58-EC23-47F8-8677-0F64C9C311B5}.Release|x64.ActiveCfg = Release|Any CPU
		{98156D58-EC23-47F8-8677-0F64C9C311B5}.Release|x64.Build.0 = Release|Any CPU
		{98156D58-EC23-47F8-8677-0F64C9C311B5}.Release|x86.ActiveCfg = Release|Any CPU
		{98156D58-EC23-47F8-8677-0F64C9C311B5}.Release|x86.Build.0 = Release|Any CPU
		{DE793658-C1FC-4CF4-93B2-7CF8311DFEC2}.Debug|Any CPU.ActiveCfg = Debug|Win32
		{DE793658-C1FC-4CF4-93B2-7CF8311DFEC2}.Debug|x64.ActiveCfg = Debug|x64
		{DE793658-C1FC-4CF4-93B2-7CF8311DFEC2}.Debug|x64.Build.0 = Debug|x64
		{DE793658-C1FC-4CF4-93B2-7CF8311DFEC2}.Debug|x86.ActiveCfg = Debug|Win32
		{DE793658-C1FC-4CF4-93B2-7CF8311DFEC2}.Debug|x86.Build.0 = Debug|Win32
		{DE793658-C1FC-4CF4-93B2-7CF8311DFEC2}.Release|Any CPU.ActiveCfg = Release|Win32
		{DE793658-C1FC-4CF4-93B2-7CF8311DFEC2}.Release|x64.ActiveCfg = Release|x64
		{DE793658-C1FC-4CF4-93B2-7CF8311DFEC2}.Release|x64.Build.0 = Release|x64
		{DE793658-C1FC-4CF4-93B2-7CF8311DFEC2}.Release|x86.ActiveCfg = Release|Win32
		{DE793658-C1FC-4CF4-93B2-7CF8311DFEC2}.Release|x86.Build.0 = Release|Win32
	EndGlobalSection
	GlobalSection(SolutionProperties) = preSolution
		HideSolutionNode = FALSE
	EndGlobalSection
	GlobalSection(ExtensibilityGlobals) = postSolution
		SolutionGuid = {E3DB2E2C-BB91-4248-9D51-9C89DE9D11D2}
	EndGlobalSection
EndGlobal
