<?xml version="1.0" encoding="utf-8"?>
<Project ToolsVersion="4.0" xmlns="http://schemas.microsoft.com/developer/msbuild/2003">
  <ItemGroup>
    <Filter Include="Source Files">
      <UniqueIdentifier>{4FC737F1-C7A5-4376-A066-2A32D752A2FF}</UniqueIdentifier>
      <Extensions>cpp;c;cc;cxx;def;odl;idl;hpj;bat;asm;asmx</Extensions>
    </Filter>
    <Filter Include="Header Files">
      <UniqueIdentifier>{93995380-89BD-4b04-88EB-625FBE52EBFB}</UniqueIdentifier>
      <Extensions>h;hh;hpp;hxx;hm;inl;inc;ipp;xsd</Extensions>
    </Filter>
    <Filter Include="Resource Files">
      <UniqueIdentifier>{67DA6AB6-F800-4c08-8B7A-83BB121AAD01}</UniqueIdentifier>
      <Extensions>rc;ico;cur;bmp;dlg;rc2;rct;bin;rgs;gif;jpg;jpeg;jpe;resx;tiff;tif;png;wav;mfcribbon-ms</Extensions>
    </Filter>
    <Filter Include="Header Files\Driver">
      <UniqueIdentifier>{ecbcd152-f9e3-471d-9dba-9abc7c902cdc}</UniqueIdentifier>
    </Filter>
    <Filter Include="Header Files\Driver\processhacker">
      <UniqueIdentifier>{e58b8647-6412-411c-8ff9-20e68a9cb1a5}</UniqueIdentifier>
    </Filter>
    <Filter Include="Header Files\Driver\cpuz">
      <UniqueIdentifier>{e41d0914-0f08-4e56-a83e-eedadb12b785}</UniqueIdentifier>
    </Filter>
    <Filter Include="Source Files\Drivers">
      <UniqueIdentifier>{9aaf927b-a25b-4b16-8650-d4862761d94d}</UniqueIdentifier>
    </Filter>
    <Filter Include="Header Files\Registry">
      <UniqueIdentifier>{b7429a58-dd51-43f7-a9cf-a8a975edd1eb}</UniqueIdentifier>
    </Filter>
    <Filter Include="Source Files\Registry">
      <UniqueIdentifier>{116cc729-0ef2-4c05-9594-40d707d5e9c9}</UniqueIdentifier>
    </Filter>
    <Filter Include="Header Files\NtDefinitions">
      <UniqueIdentifier>{f14cdac6-41fe-43b3-a230-24bb8aba0eed}</UniqueIdentifier>
    </Filter>
    <Filter Include="Header Files\NtDefinitions\KERNEL STRUCTS">
      <UniqueIdentifier>{779a7592-f298-404e-8454-e3bd74b95c58}</UniqueIdentifier>
    </Filter>
    <Filter Include="Source Files\Workers">
      <UniqueIdentifier>{55aeb1a9-9cdb-4670-9c27-df5d7d0fdc36}</UniqueIdentifier>
    </Filter>
  </ItemGroup>
  <ItemGroup>
    <ClCompile Include="Injector.cpp">
      <Filter>Source Files</Filter>
    </ClCompile>
    <ClCompile Include="JobDescriptor.cpp">
      <Filter>Source Files</Filter>
    </ClCompile>
    <ClCompile Include="cpuzdrvr.cpp">
      <Filter>Source Files\Drivers</Filter>
    </ClCompile>
    <ClCompile Include="kprocesshacker.cpp">
      <Filter>Source Files\Drivers</Filter>
    </ClCompile>
    <ClCompile Include="Driver.cpp">
      <Filter>Source Files\Drivers</Filter>
    </ClCompile>
    <ClCompile Include="Util.cpp">
      <Filter>Source Files</Filter>
    </ClCompile>
    <ClCompile Include="Registry.cpp">
      <Filter>Source Files\Registry</Filter>
    </ClCompile>
    <ClCompile Include="ElevateProcessHandles.cpp">
      <Filter>Source Files\Workers</Filter>
    </ClCompile>
    <ClCompile Include="GetProcessHandles.cpp">
      <Filter>Source Files\Workers</Filter>
    </ClCompile>
  </ItemGroup>
  <ItemGroup>
    <ClInclude Include="JobDescriptor.h">
      <Filter>Header Files</Filter>
    </ClInclude>
    <ClInclude Include="Driver.h">
      <Filter>Header Files\Driver</Filter>
    </ClInclude>
    <ClInclude Include="kprocesshacker.h">
      <Filter>Header Files\Driver\processhacker</Filter>
    </ClInclude>
    <ClInclude Include="kph_shellcode.h">
      <Filter>Header Files\Driver\processhacker</Filter>
    </ClInclude>
    <ClInclude Include="cpuz141_shellcode.h">
      <Filter>Header Files\Driver\cpuz</Filter>
    </ClInclude>
    <ClInclude Include="cpuzdrvr.h">
      <Filter>Header Files\Driver\cpuz</Filter>
    </ClInclude>
    <ClInclude Include="Util.h">
      <Filter>Header Files</Filter>
    </ClInclude>
    <ClInclude Include="Registry.h">
      <Filter>Header Files\Registry</Filter>
    </ClInclude>
    <ClInclude Include="ntdefs.h">
      <Filter>Header Files</Filter>
    </ClInclude>
    <ClInclude Include="PhysicalMemoryRes.h">
      <Filter>Header Files\NtDefinitions</Filter>
    </ClInclude>
    <ClInclude Include="NtTypes.h">
      <Filter>Header Files\NtDefinitions</Filter>
    </ClInclude>
    <ClInclude Include="NtFunctions.h">
      <Filter>Header Files\NtDefinitions</Filter>
    </ClInclude>
    <ClInclude Include="InforClasses.h">
      <Filter>Header Files\NtDefinitions</Filter>
    </ClInclude>
    <ClInclude Include="eprocess.h">
      <Filter>Header Files\NtDefinitions\KERNEL STRUCTS</Filter>
    </ClInclude>
    <ClInclude Include="handle_table.h">
      <Filter>Header Files\NtDefinitions\KERNEL STRUCTS</Filter>
    </ClInclude>
    <ClInclude Include="kph_types.h">
      <Filter>Header Files\Driver\processhacker</Filter>
    </ClInclude>
    <ClInclude Include="jobHandlers.h">
      <Filter>Header Files</Filter>
    </ClInclude>
    <ClInclude Include="Objects.h">
      <Filter>Header Files\NtDefinitions\KERNEL STRUCTS</Filter>
    </ClInclude>
  </ItemGroup>
</Project>